// !$*UTF8*$!
{
	archiveVersion = 1;
	classes = {
	};
	objectVersion = 77;
	objects = {

/* Begin PBXBuildFile section */
		B1D000000000000000000006 /* RevenueCat in Frameworks */ = {isa = PBXBuildFile; productRef = B1D000000000000000000005 /* RevenueCat */; };
		B1D000000000000000000008 /* RevenueCatUI in Frameworks */ = {isa = PBXBuildFile; productRef = B1D000000000000000000007 /* RevenueCatUI */; };
		B1D00000000000000000000A /* PostHog in Frameworks */ = {isa = PBXBuildFile; productRef = B1D000000000000000000009 /* PostHog */; };
		B1D00000000000000000000C /* AppsFlyerLib in Frameworks */ = {isa = PBXBuildFile; productRef = B1D00000000000000000000B /* AppsFlyerLib */; };
		B1D00000000000000000001B /* KikiWidgets.appex in Embed Foundation Extensions */ = {isa = PBXBuildFile; fileRef = B1D000000000000000000013 /* KikiWidgets.appex */; settings = {ATTRIBUTES = (RemoveHeadersOnCopy, ); }; };
/* End PBXBuildFile section */

/* Begin PBXContainerItemProxy section */
		B1D00000000000000000001C /* PBXContainerItemProxy */ = {
			isa = PBXContainerItemProxy;
			containerPortal = A9C46F4B306C1C9D0011EFD6 /* Project object */;
			proxyType = 1;
			remoteGlobalIDString = B1D000000000000000000012;
			remoteInfo = KikiWidgets;
		};
/* End PBXContainerItemProxy section */

/* Begin PBXCopyFilesBuildPhase section */
		B1D00000000000000000001A /* Embed Foundation Extensions */ = {
			isa = PBXCopyFilesBuildPhase;
			buildActionMask = 2147483647;
			dstPath = "";
			dstSubfolderSpec = 13;
			files = (
				B1D00000000000000000001B /* KikiWidgets.appex in Embed Foundation Extensions */,
			);
			name = "Embed Foundation Extensions";
			runOnlyForDeploymentPostprocessing = 0;
		};
/* End PBXCopyFilesBuildPhase section */

/* Begin PBXFileReference section */
		A9C46F53306C1C9D0011EFD6 /* kiki.app */ = {isa = PBXFileReference; explicitFileType = wrapper.application; includeInIndex = 0; path = kiki.app; sourceTree = BUILT_PRODUCTS_DIR; };
		B1D000000000000000000013 /* KikiWidgets.appex */ = {isa = PBXFileReference; explicitFileType = "wrapper.app-extension"; includeInIndex = 0; path = KikiWidgets.appex; sourceTree = BUILT_PRODUCTS_DIR; };
/* End PBXFileReference section */

/* Begin PBXFileSystemSynchronizedBuildFileExceptionSet section */
		A9C46F60306C1C9F0011EFD6 /* Exceptions for "kiki" folder in "kiki" target */ = {
			isa = PBXFileSystemSynchronizedBuildFileExceptionSet;
			membershipExceptions = (
				Info.plist,
			);
			target = A9C46F52306C1C9D0011EFD6 /* kiki */;
		};
		B1D000000000000000000011 /* Exceptions for "KikiWidgets" folder in "KikiWidgets" target */ = {
			isa = PBXFileSystemSynchronizedBuildFileExceptionSet;
			membershipExceptions = (
				Info.plist,
			);
			target = B1D000000000000000000012 /* KikiWidgets */;
		};
/* End PBXFileSystemSynchronizedBuildFileExceptionSet section */

/* Begin PBXFileSystemSynchronizedRootGroup section */
		A9C46F55306C1C9D0011EFD6 /* kiki */ = {
			isa = PBXFileSystemSynchronizedRootGroup;
			exceptions = (
				A9C46F60306C1C9F0011EFD6 /* Exceptions for "kiki" folder in "kiki" target */,
			);
			path = kiki;
			sourceTree = "<group>";
		};
		B1D00000000000000000000F /* Shared */ = {
			isa = PBXFileSystemSynchronizedRootGroup;
			path = Shared;
			sourceTree = "<group>";
		};
		B1D000000000000000000010 /* KikiWidgets */ = {
			isa = PBXFileSystemSynchronizedRootGroup;
			exceptions = (
				B1D000000000000000000011 /* Exceptions for "KikiWidgets" folder in "KikiWidgets" target */,
			);
			path = KikiWidgets;
			sourceTree = "<group>";
		};
/* End PBXFileSystemSynchronizedRootGroup section */

/* Begin PBXFrameworksBuildPhase section */
		A9C46F50306C1C9D0011EFD6 /* Frameworks */ = {
			isa = PBXFrameworksBuildPhase;
			buildActionMask = 2147483647;
			files = (
				B1D000000000000000000006 /* RevenueCat in Frameworks */,
				B1D000000000000000000008 /* RevenueCatUI in Frameworks */,
				B1D00000000000000000000A /* PostHog in Frameworks */,
				B1D00000000000000000000C /* AppsFlyerLib in Frameworks */,
			);
			runOnlyForDeploymentPostprocessing = 0;
		};
		B1D000000000000000000015 /* Frameworks */ = {
			isa = PBXFrameworksBuildPhase;
			buildActionMask = 2147483647;
			files = (
			);
			runOnlyForDeploymentPostprocessing = 0;
		};
/* End PBXFrameworksBuildPhase section */

/* Begin PBXGroup section */
		A9C46F4A306C1C9D0011EFD6 = {
			isa = PBXGroup;
			children = (
				A9C46F55306C1C9D0011EFD6 /* kiki */,
				B1D00000000000000000000F /* Shared */,
				B1D000000000000000000010 /* KikiWidgets */,
				A9C46F54306C1C9D0011EFD6 /* Products */,
			);
			sourceTree = "<group>";
		};
		A9C46F54306C1C9D0011EFD6 /* Products */ = {
			isa = PBXGroup;
			children = (
				A9C46F53306C1C9D0011EFD6 /* kiki.app */,
				B1D000000000000000000013 /* KikiWidgets.appex */,
			);
			name = Products;
			sourceTree = "<group>";
		};
/* End PBXGroup section */

/* Begin PBXNativeTarget section */
		A9C46F52306C1C9D0011EFD6 /* kiki */ = {
			isa = PBXNativeTarget;
			buildConfigurationList = A9C46F61306C1C9F0011EFD6 /* Build configuration list for PBXNativeTarget "kiki" */;
			buildPhases = (
				A9C46F4F306C1C9D0011EFD6 /* Sources */,
				A9C46F50306C1C9D0011EFD6 /* Frameworks */,
				A9C46F51306C1C9D0011EFD6 /* Resources */,
				B1D00000000000000000001A /* Embed Foundation Extensions */,
			);
			buildRules = (
			);
			dependencies = (
				B1D00000000000000000001D /* PBXTargetDependency */,
			);
			fileSystemSynchronizedGroups = (
				A9C46F55306C1C9D0011EFD6 /* kiki */,
				B1D00000000000000000000F /* Shared */,
			);
			name = kiki;
			packageProductDependencies = (
				B1D000000000000000000005 /* RevenueCat */,
				B1D000000000000000000007 /* RevenueCatUI */,
				B1D000000000000000000009 /* PostHog */,
				B1D00000000000000000000B /* AppsFlyerLib */,
			);
			productName = kiki;
			productReference = A9C46F53306C1C9D0011EFD6 /* kiki.app */;
			productType = "com.apple.product-type.application";
		};
		B1D000000000000000000012 /* KikiWidgets */ = {
			isa = PBXNativeTarget;
			buildConfigurationList = B1D000000000000000000017 /* Build configuration list for PBXNativeTarget "KikiWidgets" */;
			buildPhases = (
				B1D000000000000000000014 /* Sources */,
				B1D000000000000000000015 /* Frameworks */,
				B1D000000000000000000016 /* Resources */,
			);
			buildRules = (
			);
			dependencies = (
			);
			fileSystemSynchronizedGroups = (
				B1D00000000000000000000F /* Shared */,
				B1D000000000000000000010 /* KikiWidgets */,
			);
			name = KikiWidgets;
			packageProductDependencies = (
			);
			productName = KikiWidgets;
			productReference = B1D000000000000000000013 /* KikiWidgets.appex */;
			productType = "com.apple.product-type.app-extension";
		};
/* End PBXNativeTarget section */

/* Begin PBXProject section */
		A9C46F4B306C1C9D0011EFD6 /* Project object */ = {
			isa = PBXProject;
			attributes = {
				BuildIndependentTargetsInParallel = 1;
				LastSwiftUpdateCheck = 2660;
				LastUpgradeCheck = 2660;
				TargetAttributes = {
					A9C46F52306C1C9D0011EFD6 = {
						CreatedOnToolsVersion = 26.6;
					};
					B1D000000000000000000012 = {
						CreatedOnToolsVersion = 26.6;
					};
				};
			};
			buildConfigurationList = A9C46F4E306C1C9D0011EFD6 /* Build configuration list for PBXProject "kiki" */;
			developmentRegion = en;
			hasScannedForEncodings = 0;
			knownRegions = (
				en,
				Base,
			);
			mainGroup = A9C46F4A306C1C9D0011EFD6;
			minimizedProjectReferenceProxies = 1;
			packageReferences = (
				B1D000000000000000000001 /* XCRemoteSwiftPackageReference "purchases-ios" */,
				B1D000000000000000000002 /* XCRemoteSwiftPackageReference "posthog-ios" */,
				B1D000000000000000000003 /* XCRemoteSwiftPackageReference "AppsFlyerFramework" */,
			);
			preferredProjectObjectVersion = 77;
			productRefGroup = A9C46F54306C1C9D0011EFD6 /* Products */;
			projectDirPath = "";
			projectRoot = "";
			targets = (
				A9C46F52306C1C9D0011EFD6 /* kiki */,
				B1D000000000000000000012 /* KikiWidgets */,
			);
		};
/* End PBXProject section */

/* Begin PBXResourcesBuildPhase section */
		A9C46F51306C1C9D0011EFD6 /* Resources */ = {
			isa = PBXResourcesBuildPhase;
			buildActionMask = 2147483647;
			files = (
			);
			runOnlyForDeploymentPostprocessing = 0;
		};
		B1D000000000000000000016 /* Resources */ = {
			isa = PBXResourcesBuildPhase;
			buildActionMask = 2147483647;
			files = (
			);
			runOnlyForDeploymentPostprocessing = 0;
		};
/* End PBXResourcesBuildPhase section */

/* Begin PBXSourcesBuildPhase section */
		A9C46F4F306C1C9D0011EFD6 /* Sources */ = {
			isa = PBXSourcesBuildPhase;
			buildActionMask = 2147483647;
			files = (
			);
			runOnlyForDeploymentPostprocessing = 0;
		};
		B1D000000000000000000014 /* Sources */ = {
			isa = PBXSourcesBuildPhase;
			buildActionMask = 2147483647;
			files = (
			);
			runOnlyForDeploymentPostprocessing = 0;
		};
/* End PBXSourcesBuildPhase section */

/* Begin PBXTargetDependency section */
		B1D00000000000000000001D /* PBXTargetDependency */ = {
			isa = PBXTargetDependency;
			target = B1D000000000000000000012 /* KikiWidgets */;
			targetProxy = B1D00000000000000000001C /* PBXContainerItemProxy */;
		};
/* End PBXTargetDependency section */

/* Begin XCBuildConfiguration section */
		A9C46F62306C1C9F0011EFD6 /* Debug */ = {
	buildSettings = {
		"ASSETCATALOG_COMPILER_APPICON_NAME" = AppIcon;
		"ASSETCATALOG_COMPILER_GLOBAL_ACCENT_COLOR_NAME" = AccentColor;
		"CODE_SIGN_ENTITLEMENTS" = "kiki/kiki.entitlements";
		"CODE_SIGN_STYLE" = Automatic;
		"CURRENT_PROJECT_VERSION" = 12;
		"DEVELOPMENT_TEAM" = 46696JNF4G;
		"ENABLE_PREVIEWS" = YES;
		"GENERATE_INFOPLIST_FILE" = YES;
		"INFOPLIST_FILE" = "kiki/Info.plist";
		"INFOPLIST_KEY_CFBundleDisplayName" = Kiki;
		"INFOPLIST_KEY_LSApplicationCategoryType" = "public.app-category.healthcare-fitness";
		"INFOPLIST_KEY_UIApplicationSceneManifest_Generation" = YES;
		"INFOPLIST_KEY_UIApplicationSupportsIndirectInputEvents" = YES;
		"INFOPLIST_KEY_UISupportedInterfaceOrientations_iPhone" = UIInterfaceOrientationPortrait;
		"KIKI_API_BASE_URL" = "http://localhost:3000";
		"LD_RUNPATH_SEARCH_PATHS" = (
			"$(inherited)",
			"@executable_path/Frameworks",
		);
		"MARKETING_VERSION" = "1.0";
		"PRODUCT_BUNDLE_IDENTIFIER" = "com.moltcorporation.kiki";
		"PRODUCT_NAME" = "$(TARGET_NAME)";
		"STRING_CATALOG_GENERATE_SYMBOLS" = YES;
		"SWIFT_APPROACHABLE_CONCURRENCY" = YES;
		"SWIFT_DEFAULT_ACTOR_ISOLATION" = MainActor;
		"SWIFT_EMIT_LOC_STRINGS" = YES;
		"SWIFT_UPCOMING_FEATURE_MEMBER_IMPORT_VISIBILITY" = YES;
		"SWIFT_VERSION" = "5.0";
		"TARGETED_DEVICE_FAMILY" = 1;
	};
	isa = XCBuildConfiguration;
	name = Debug;
};
		A9C46F63306C1C9F0011EFD6 /* Release */ = {
	buildSettings = {
		"ASSETCATALOG_COMPILER_APPICON_NAME" = AppIcon;
		"ASSETCATALOG_COMPILER_GLOBAL_ACCENT_COLOR_NAME" = AccentColor;
		"CODE_SIGN_ENTITLEMENTS" = "kiki/kiki.entitlements";
		"CODE_SIGN_STYLE" = Automatic;
		"CURRENT_PROJECT_VERSION" = 12;
		"DEVELOPMENT_TEAM" = 46696JNF4G;
		"ENABLE_PREVIEWS" = YES;
		"GENERATE_INFOPLIST_FILE" = YES;
		"INFOPLIST_FILE" = "kiki/Info.plist";
		"INFOPLIST_KEY_CFBundleDisplayName" = Kiki;
		"INFOPLIST_KEY_LSApplicationCategoryType" = "public.app-category.healthcare-fitness";
		"INFOPLIST_KEY_UIApplicationSceneManifest_Generation" = YES;
		"INFOPLIST_KEY_UIApplicationSupportsIndirectInputEvents" = YES;
		"INFOPLIST_KEY_UISupportedInterfaceOrientations_iPhone" = UIInterfaceOrientationPortrait;
		"KIKI_API_BASE_URL" = "https://kikirunning.com";
		"LD_RUNPATH_SEARCH_PATHS" = (
			"$(inherited)",
			"@executable_path/Frameworks",
		);
		"MARKETING_VERSION" = "1.0";
		"PRODUCT_BUNDLE_IDENTIFIER" = "com.moltcorporation.kiki";
		"PRODUCT_NAME" = "$(TARGET_NAME)";
		"STRING_CATALOG_GENERATE_SYMBOLS" = YES;
		"SWIFT_APPROACHABLE_CONCURRENCY" = YES;
		"SWIFT_DEFAULT_ACTOR_ISOLATION" = MainActor;
		"SWIFT_EMIT_LOC_STRINGS" = YES;
		"SWIFT_UPCOMING_FEATURE_MEMBER_IMPORT_VISIBILITY" = YES;
		"SWIFT_VERSION" = "5.0";
		"TARGETED_DEVICE_FAMILY" = 1;
	};
	isa = XCBuildConfiguration;
	name = Release;
};
		A9C46F64306C1C9F0011EFD6 /* Debug */ = {
			isa = XCBuildConfiguration;
			buildSettings = {
				ALWAYS_SEARCH_USER_PATHS = NO;
				ASSETCATALOG_COMPILER_GENERATE_SWIFT_ASSET_SYMBOL_EXTENSIONS = YES;
				CLANG_ANALYZER_NONNULL = YES;
				CLANG_ANALYZER_NUMBER_OBJECT_CONVERSION = YES_AGGRESSIVE;
				CLANG_CXX_LANGUAGE_STANDARD = "gnu++20";
				CLANG_ENABLE_MODULES = YES;
				CLANG_ENABLE_OBJC_ARC = YES;
				CLANG_ENABLE_OBJC_WEAK = YES;
				CLANG_WARN_BLOCK_CAPTURE_AUTORELEASING = YES;
				CLANG_WARN_BOOL_CONVERSION = YES;
				CLANG_WARN_COMMA = YES;
				CLANG_WARN_CONSTANT_CONVERSION = YES;
				CLANG_WARN_DEPRECATED_OBJC_IMPLEMENTATIONS = YES;
				CLANG_WARN_DIRECT_OBJC_ISA_USAGE = YES_ERROR;
				CLANG_WARN_DOCUMENTATION_COMMENTS = YES;
				CLANG_WARN_EMPTY_BODY = YES;
				CLANG_WARN_ENUM_CONVERSION = YES;
				CLANG_WARN_INFINITE_RECURSION = YES;
				CLANG_WARN_INT_CONVERSION = YES;
				CLANG_WARN_NON_LITERAL_NULL_CONVERSION = YES;
				CLANG_WARN_OBJC_IMPLICIT_RETAIN_SELF = YES;
				CLANG_WARN_OBJC_LITERAL_CONVERSION = YES;
				CLANG_WARN_OBJC_ROOT_CLASS = YES_ERROR;
				CLANG_WARN_QUOTED_INCLUDE_IN_FRAMEWORK_HEADER = YES;
				CLANG_WARN_RANGE_LOOP_ANALYSIS = YES;
				CLANG_WARN_STRICT_PROTOTYPES = YES;
				CLANG_WARN_SUSPICIOUS_MOVE = YES;
				CLANG_WARN_UNGUARDED_AVAILABILITY = YES_AGGRESSIVE;
				CLANG_WARN_UNREACHABLE_CODE = YES;
				CLANG_WARN__DUPLICATE_METHOD_MATCH = YES;
				COPY_PHASE_STRIP = NO;
				DEBUG_INFORMATION_FORMAT = dwarf;
				DEVELOPMENT_TEAM = 46696JNF4G;
				ENABLE_STRICT_OBJC_MSGSEND = YES;
				ENABLE_TESTABILITY = YES;
				ENABLE_USER_SCRIPT_SANDBOXING = YES;
				GCC_C_LANGUAGE_STANDARD = gnu17;
				GCC_DYNAMIC_NO_PIC = NO;
				GCC_NO_COMMON_BLOCKS = YES;
				GCC_OPTIMIZATION_LEVEL = 0;
				GCC_PREPROCESSOR_DEFINITIONS = (
					"DEBUG=1",
					"$(inherited)",
				);
				GCC_WARN_64_TO_32_BIT_CONVERSION = YES;
				GCC_WARN_ABOUT_RETURN_TYPE = YES_ERROR;
				GCC_WARN_UNDECLARED_SELECTOR = YES;
				GCC_WARN_UNINITIALIZED_AUTOS = YES_AGGRESSIVE;
				GCC_WARN_UNUSED_FUNCTION = YES;
				GCC_WARN_UNUSED_VARIABLE = YES;
				IPHONEOS_DEPLOYMENT_TARGET = 26.5;
				LOCALIZATION_PREFERS_STRING_CATALOGS = YES;
				MTL_ENABLE_DEBUG_INFO = INCLUDE_SOURCE;
				MTL_FAST_MATH = YES;
				ONLY_ACTIVE_ARCH = YES;
				SDKROOT = iphoneos;
				SWIFT_ACTIVE_COMPILATION_CONDITIONS = "DEBUG $(inherited)";
				SWIFT_OPTIMIZATION_LEVEL = "-Onone";
			};
			name = Debug;
		};
		A9C46F65306C1C9F0011EFD6 /* Release */ = {
			isa = XCBuildConfiguration;
			buildSettings = {
				ALWAYS_SEARCH_USER_PATHS = NO;
				ASSETCATALOG_COMPILER_GENERATE_SWIFT_ASSET_SYMBOL_EXTENSIONS = YES;
				CLANG_ANALYZER_NONNULL = YES;
				CLANG_ANALYZER_NUMBER_OBJECT_CONVERSION = YES_AGGRESSIVE;
				CLANG_CXX_LANGUAGE_STANDARD = "gnu++20";
				CLANG_ENABLE_MODULES = YES;
				CLANG_ENABLE_OBJC_ARC = YES;
				CLANG_ENABLE_OBJC_WEAK = YES;
				CLANG_WARN_BLOCK_CAPTURE_AUTORELEASING = YES;
				CLANG_WARN_BOOL_CONVERSION = YES;
				CLANG_WARN_COMMA = YES;
				CLANG_WARN_CONSTANT_CONVERSION = YES;
				CLANG_WARN_DEPRECATED_OBJC_IMPLEMENTATIONS = YES;
				CLANG_WARN_DIRECT_OBJC_ISA_USAGE = YES_ERROR;
				CLANG_WARN_DOCUMENTATION_COMMENTS = YES;
				CLANG_WARN_EMPTY_BODY = YES;
				CLANG_WARN_ENUM_CONVERSION = YES;
				CLANG_WARN_INFINITE_RECURSION = YES;
				CLANG_WARN_INT_CONVERSION = YES;
				CLANG_WARN_NON_LITERAL_NULL_CONVERSION = YES;
				CLANG_WARN_OBJC_IMPLICIT_RETAIN_SELF = YES;
				CLANG_WARN_OBJC_LITERAL_CONVERSION = YES;
				CLANG_WARN_OBJC_ROOT_CLASS = YES_ERROR;
				CLANG_WARN_QUOTED_INCLUDE_IN_FRAMEWORK_HEADER = YES;
				CLANG_WARN_RANGE_LOOP_ANALYSIS = YES;
				CLANG_WARN_STRICT_PROTOTYPES = YES;
				CLANG_WARN_SUSPICIOUS_MOVE = YES;
				CLANG_WARN_UNGUARDED_AVAILABILITY = YES_AGGRESSIVE;
				CLANG_WARN_UNREACHABLE_CODE = YES;
				CLANG_WARN__DUPLICATE_METHOD_MATCH = YES;
				COPY_PHASE_STRIP = NO;
				DEBUG_INFORMATION_FORMAT = "dwarf-with-dsym";
				DEVELOPMENT_TEAM = 46696JNF4G;
				ENABLE_NS_ASSERTIONS = NO;
				ENABLE_STRICT_OBJC_MSGSEND = YES;
				ENABLE_USER_SCRIPT_SANDBOXING = YES;
				GCC_C_LANGUAGE_STANDARD = gnu17;
				GCC_NO_COMMON_BLOCKS = YES;
				GCC_WARN_64_TO_32_BIT_CONVERSION = YES;
				GCC_WARN_ABOUT_RETURN_TYPE = YES_ERROR;
				GCC_WARN_UNDECLARED_SELECTOR = YES;
				GCC_WARN_UNINITIALIZED_AUTOS = YES_AGGRESSIVE;
				GCC_WARN_UNUSED_FUNCTION = YES;
				GCC_WARN_UNUSED_VARIABLE = YES;
				IPHONEOS_DEPLOYMENT_TARGET = 26.5;
				LOCALIZATION_PREFERS_STRING_CATALOGS = YES;
				MTL_ENABLE_DEBUG_INFO = NO;
				MTL_FAST_MATH = YES;
				SDKROOT = iphoneos;
				SWIFT_COMPILATION_MODE = wholemodule;
				VALIDATE_PRODUCT = YES;
			};
			name = Release;
		};
		B1D000000000000000000018 /* Debug */ = {
	buildSettings = {
		"CODE_SIGN_STYLE" = Automatic;
		"CURRENT_PROJECT_VERSION" = 12;
		"DEVELOPMENT_TEAM" = 46696JNF4G;
		"GENERATE_INFOPLIST_FILE" = YES;
		"INFOPLIST_FILE" = "KikiWidgets/Info.plist";
		"INFOPLIST_KEY_CFBundleDisplayName" = Kiki;
		"INFOPLIST_KEY_NSHumanReadableCopyright" = "";
		"LD_RUNPATH_SEARCH_PATHS" = (
			"$(inherited)",
			"@executable_path/Frameworks",
			"@executable_path/../../Frameworks",
		);
		"MARKETING_VERSION" = "1.0";
		"PRODUCT_BUNDLE_IDENTIFIER" = "com.moltcorporation.kiki.KikiWidgets";
		"PRODUCT_NAME" = "$(TARGET_NAME)";
		"SKIP_INSTALL" = YES;
		"STRING_CATALOG_GENERATE_SYMBOLS" = YES;
		"SWIFT_APPROACHABLE_CONCURRENCY" = YES;
		"SWIFT_EMIT_LOC_STRINGS" = YES;
		"SWIFT_UPCOMING_FEATURE_MEMBER_IMPORT_VISIBILITY" = YES;
		"SWIFT_VERSION" = "5.0";
		"TARGETED_DEVICE_FAMILY" = 1;
	};
	isa = XCBuildConfiguration;
	name = Debug;
};
		B1D000000000000000000019 /* Release */ = {
	buildSettings = {
		"CODE_SIGN_STYLE" = Automatic;
		"CURRENT_PROJECT_VERSION" = 12;
		"DEVELOPMENT_TEAM" = 46696JNF4G;
		"GENERATE_INFOPLIST_FILE" = YES;
		"INFOPLIST_FILE" = "KikiWidgets/Info.plist";
		"INFOPLIST_KEY_CFBundleDisplayName" = Kiki;
		"INFOPLIST_KEY_NSHumanReadableCopyright" = "";
		"LD_RUNPATH_SEARCH_PATHS" = (
			"$(inherited)",
			"@executable_path/Frameworks",
			"@executable_path/../../Frameworks",
		);
		"MARKETING_VERSION" = "1.0";
		"PRODUCT_BUNDLE_IDENTIFIER" = "com.moltcorporation.kiki.KikiWidgets";
		"PRODUCT_NAME" = "$(TARGET_NAME)";
		"SKIP_INSTALL" = YES;
		"STRING_CATALOG_GENERATE_SYMBOLS" = YES;
		"SWIFT_APPROACHABLE_CONCURRENCY" = YES;
		"SWIFT_EMIT_LOC_STRINGS" = YES;
		"SWIFT_UPCOMING_FEATURE_MEMBER_IMPORT_VISIBILITY" = YES;
		"SWIFT_VERSION" = "5.0";
		"TARGETED_DEVICE_FAMILY" = 1;
	};
	isa = XCBuildConfiguration;
	name = Release;
};
/* End XCBuildConfiguration section */

/* Begin XCConfigurationList section */
		A9C46F4E306C1C9D0011EFD6 /* Build configuration list for PBXProject "kiki" */ = {
			isa = XCConfigurationList;
			buildConfigurations = (
				A9C46F64306C1C9F0011EFD6 /* Debug */,
				A9C46F65306C1C9F0011EFD6 /* Release */,
			);
			defaultConfigurationIsVisible = 0;
			defaultConfigurationName = Release;
		};
		A9C46F61306C1C9F0011EFD6 /* Build configuration list for PBXNativeTarget "kiki" */ = {
			isa = XCConfigurationList;
			buildConfigurations = (
				A9C46F62306C1C9F0011EFD6 /* Debug */,
				A9C46F63306C1C9F0011EFD6 /* Release */,
			);
			defaultConfigurationIsVisible = 0;
			defaultConfigurationName = Release;
		};
		B1D000000000000000000017 /* Build configuration list for PBXNativeTarget "KikiWidgets" */ = {
			isa = XCConfigurationList;
			buildConfigurations = (
				B1D000000000000000000018 /* Debug */,
				B1D000000000000000000019 /* Release */,
			);
			defaultConfigurationIsVisible = 0;
			defaultConfigurationName = Release;
		};
/* End XCConfigurationList section */

/* Begin XCRemoteSwiftPackageReference section */
		B1D000000000000000000001 /* XCRemoteSwiftPackageReference "purchases-ios" */ = {
			isa = XCRemoteSwiftPackageReference;
			repositoryURL = "https://github.com/RevenueCat/purchases-ios";
			requirement = {
				kind = upToNextMajorVersion;
				minimumVersion = 5.91.0;
			};
		};
		B1D000000000000000000002 /* XCRemoteSwiftPackageReference "posthog-ios" */ = {
			isa = XCRemoteSwiftPackageReference;
			repositoryURL = "https://github.com/PostHog/posthog-ios";
			requirement = {
				kind = upToNextMajorVersion;
				minimumVersion = 3.85.3;
			};
		};
		B1D000000000000000000003 /* XCRemoteSwiftPackageReference "AppsFlyerFramework" */ = {
			isa = XCRemoteSwiftPackageReference;
			repositoryURL = "https://github.com/AppsFlyerSDK/AppsFlyerFramework";
			requirement = {
				kind = upToNextMajorVersion;
				minimumVersion = 7.0.2;
			};
		};
/* End XCRemoteSwiftPackageReference section */

/* Begin XCSwiftPackageProductDependency section */
		B1D000000000000000000005 /* RevenueCat */ = {
			isa = XCSwiftPackageProductDependency;
			package = B1D000000000000000000001 /* XCRemoteSwiftPackageReference "purchases-ios" */;
			productName = RevenueCat;
		};
		B1D000000000000000000007 /* RevenueCatUI */ = {
			isa = XCSwiftPackageProductDependency;
			package = B1D000000000000000000001 /* XCRemoteSwiftPackageReference "purchases-ios" */;
			productName = RevenueCatUI;
		};
		B1D000000000000000000009 /* PostHog */ = {
			isa = XCSwiftPackageProductDependency;
			package = B1D000000000000000000002 /* XCRemoteSwiftPackageReference "posthog-ios" */;
			productName = PostHog;
		};
		B1D00000000000000000000B /* AppsFlyerLib */ = {
			isa = XCSwiftPackageProductDependency;
			package = B1D000000000000000000003 /* XCRemoteSwiftPackageReference "AppsFlyerFramework" */;
			productName = AppsFlyerLib;
		};
/* End XCSwiftPackageProductDependency section */
	};
	rootObject = A9C46F4B306C1C9D0011EFD6 /* Project object */;
}
